
Microsoft Visual Studio Solution File, Format Version 12.00
# Visual Studio Version 17
VisualStudioVersion = 17.12.35527.113
MinimumVisualStudioVersion = 10.0.40219.1
Project("{FAE04EC0-301F-11D3-BF4B-00C04F79EFBC}") = "monacos.us.web.api", "monacos.us.web.api\monacos.us.web.api.csproj", "{C6D77A93-639B-433C-82C5-783604815EFC}"
EndProject
Project("{FAE04EC0-301F-11D3-BF4B-00C04F79EFBC}") = "monacos.us.web.api.unit.test", "monacos.us.web.api.unit.test\monacos.us.web.api.unit.test.csproj", "{F96C4542-C887-47B1-BF61-5B18D44BE694}"
EndProject
Global
	GlobalSection(SolutionConfigurationPlatforms) = preSolution
		Debug|Any CPU = Debug|Any CPU
		Release|Any CPU = Release|Any CPU
	EndGlobalSection
	GlobalSection(ProjectConfigurationPlatforms) = postSolution
		{C6D77A93-639B-433C-82C5-783604815EFC}.Debug|Any CPU.ActiveCfg = Debug|Any CPU
		{C6D77A93-639B-433C-82C5-783604815EFC}.Debug|Any CPU.Build.0 = Debug|Any CPU
		{C6D77A93-639B-433C-82C5-783604815EFC}.Release|Any CPU.ActiveCfg = Release|Any CPU
		{C6D77A93-639B-433C-82C5-783604815EFC}.Release|Any CPU.Build.0 = Release|Any CPU
		{F96C4542-C887-47B1-BF61-5B18D44BE694}.Debug|Any CPU.ActiveCfg = Debug|Any CPU
		{F96C4542-C887-47B1-BF61-5B18D44BE694}.Debug|Any CPU.Build.0 = Debug|Any CPU
		{F96C4542-C887-47B1-BF61-5B18D44BE694}.Release|Any CPU.ActiveCfg = Release|Any CPU
		{F96C4542-C887-47B1-BF61-5B18D44BE694}.Release|Any CPU.Build.0 = Release|Any CPU
	EndGlobalSection
	GlobalSection(SolutionProperties) = preSolution
		HideSolutionNode = FALSE
	EndGlobalSection
EndGlobal
